// !$*UTF8*$!
{
	archiveVersion = 1;
	classes = {
	};
	objectVersion = 56;
	objects = {

/* Begin PBXBuildFile section */
		E7128C4F2B6DD64E00F07CD6 /* PlaceMapApp.swift in Sources */ = {isa = PBXBuildFile; fileRef = E7128C4E2B6DD64E00F07CD6 /* PlaceMapApp.swift */; };
		E7128C512B6DD64E00F07CD6 /* ContentView.swift in Sources */ = {isa = PBXBuildFile; fileRef = E7128C502B6DD64E00F07CD6 /* ContentView.swift */; };
		E7128C562B6DD65000F07CD6 /* Preview Assets.xcassets in Resources */ = {isa = PBXBuildFile; fileRef = E7128C552B6DD65000F07CD6 /* Preview Assets.xcassets */; };
		E7128C5D2B6DD84C00F07CD6 /* Assets.xcassets in Resources */ = {isa = PBXBuildFile; fileRef = E7128C5C2B6DD84C00F07CD6 /* Assets.xcassets */; };
		E7128C622B6DDA8800F07CD6 /* Location.swift in Sources */ = {isa = PBXBuildFile; fileRef = E7128C612B6DDA8800F07CD6 /* Location.swift */; };
		E7128C652B6DDC9400F07CD6 /* LocationsDataService.swift in Sources */ = {isa = PBXBuildFile; fileRef = E7128C642B6DDC9400F07CD6 /* LocationsDataService.swift */; };
		E7128C672B6DDD7F00F07CD6 /* LocationsView.swift in Sources */ = {isa = PBXBuildFile; fileRef = E7128C662B6DDD7F00F07CD6 /* LocationsView.swift */; };
		E7128C692B6DE07400F07CD6 /* LocationsViewModel.swift in Sources */ = {isa = PBXBuildFile; fileRef = E7128C682B6DE07400F07CD6 /* LocationsViewModel.swift */; };
		E7128C6F2B6E146800F07CD6 /* LocationsListView.swift in Sources */ = {isa = PBXBuildFile; fileRef = E7128C6E2B6E146800F07CD6 /* LocationsListView.swift */; };
		E7128C712B6E209F00F07CD6 /* LocationPreviewView.swift in Sources */ = {isa = PBXBuildFile; fileRef = E7128C702B6E209F00F07CD6 /* LocationPreviewView.swift */; };
		E7128C732B6E75E400F07CD6 /* MapAnnotationView.swift in Sources */ = {isa = PBXBuildFile; fileRef = E7128C722B6E75E400F07CD6 /* MapAnnotationView.swift */; };
		E7128C752B6E866C00F07CD6 /* LocationDetailView.swift in Sources */ = {isa = PBXBuildFile; fileRef = E7128C742B6E866C00F07CD6 /* LocationDetailView.swift */; };
/* End PBXBuildFile section */

/* Begin PBXFileReference section */
		E7128C4B2B6DD64E00F07CD6 /* PlaceMap.app */ = {isa = PBXFileReference; explicitFileType = wrapper.application; includeInIndex = 0; path = PlaceMap.app; sourceTree = BUILT_PRODUCTS_DIR; };
		E7128C4E2B6DD64E00F07CD6 /* PlaceMapApp.swift */ = {isa = PBXFileReference; lastKnownFileType = sourcecode.swift; path = PlaceMapApp.swift; sourceTree = "<group>"; };
		E7128C502B6DD64E00F07CD6 /* ContentView.swift */ = {isa = PBXFileReference; lastKnownFileType = sourcecode.swift; path = ContentView.swift; sourceTree = "<group>"; };
		E7128C552B6DD65000F07CD6 /* Preview Assets.xcassets */ = {isa = PBXFileReference; lastKnownFileType = folder.assetcatalog; path = "Preview Assets.xcassets"; sourceTree = "<group>"; };
		E7128C5C2B6DD84C00F07CD6 /* Assets.xcassets */ = {isa = PBXFileReference; lastKnownFileType = folder.assetcatalog; path = Assets.xcassets; sourceTree = "<group>"; };
		E7128C612B6DDA8800F07CD6 /* Location.swift */ = {isa = PBXFileReference; lastKnownFileType = sourcecode.swift; path = Location.swift; sourceTree = "<group>"; };
		E7128C642B6DDC9400F07CD6 /* LocationsDataService.swift */ = {isa = PBXFileReference; fileEncoding = 4; lastKnownFileType = sourcecode.swift; path = LocationsDataService.swift; sourceTree = "<group>"; };
		E7128C662B6DDD7F00F07CD6 /* LocationsView.swift */ = {isa = PBXFileReference; lastKnownFileType = sourcecode.swift; path = LocationsView.swift; sourceTree = "<group>"; };
		E7128C682B6DE07400F07CD6 /* LocationsViewModel.swift */ = {isa = PBXFileReference; lastKnownFileType = sourcecode.swift; path = LocationsViewModel.swift; sourceTree = "<group>"; };
		E7128C6E2B6E146800F07CD6 /* LocationsListView.swift */ = {isa = PBXFileReference; lastKnownFileType = sourcecode.swift; path = LocationsListView.swift; sourceTree = "<group>"; };
		E7128C702B6E209F00F07CD6 /* LocationPreviewView.swift */ = {isa = PBXFileReference; lastKnownFileType = sourcecode.swift; path = LocationPreviewView.swift; sourceTree = "<group>"; };
		E7128C722B6E75E400F07CD6 /* MapAnnotationView.swift */ = {isa = PBXFileReference; lastKnownFileType = sourcecode.swift; path = MapAnnotationView.swift; sourceTree = "<group>"; };
		E7128C742B6E866C00F07CD6 /* LocationDetailView.swift */ = {isa = PBXFileReference; lastKnownFileType = sourcecode.swift; path = LocationDetailView.swift; sourceTree = "<group>"; };
		E7F67CD32B6F3AA800A4162E /* Info.plist */ = {isa = PBXFileReference; lastKnownFileType = text.plist; path = Info.plist; sourceTree = "<group>"; };
/* End PBXFileReference section */

/* Begin PBXFrameworksBuildPhase section */
		E7128C482B6DD64E00F07CD6 /* Frameworks */ = {
			isa = PBXFrameworksBuildPhase;
			buildActionMask = 2147483647;
			files = (
			);
			runOnlyForDeploymentPostprocessing = 0;
		};
/* End PBXFrameworksBuildPhase section */

/* Begin PBXGroup section */
		E7128C422B6DD64E00F07CD6 = {
			isa = PBXGroup;
			children = (
				E7128C4D2B6DD64E00F07CD6 /* PlaceMap */,
				E7128C4C2B6DD64E00F07CD6 /* Products */,
			);
			sourceTree = "<group>";
		};
		E7128C4C2B6DD64E00F07CD6 /* Products */ = {
			isa = PBXGroup;
			children = (
				E7128C4B2B6DD64E00F07CD6 /* PlaceMap.app */,
			);
			name = Products;
			sourceTree = "<group>";
		};
		E7128C4D2B6DD64E00F07CD6 /* PlaceMap */ = {
			isa = PBXGroup;
			children = (
				E7F67CD32B6F3AA800A4162E /* Info.plist */,
				E7128C632B6DDC7800F07CD6 /* DataServices */,
				E7128C602B6DDA6100F07CD6 /* ViewModels */,
				E7128C5F2B6DDA5800F07CD6 /* Models */,
				E7128C5E2B6DDA3300F07CD6 /* Views */,
				E7128C4E2B6DD64E00F07CD6 /* PlaceMapApp.swift */,
				E7128C5C2B6DD84C00F07CD6 /* Assets.xcassets */,
				E7128C502B6DD64E00F07CD6 /* ContentView.swift */,
				E7128C542B6DD65000F07CD6 /* Preview Content */,
			);
			path = PlaceMap;
			sourceTree = "<group>";
		};
		E7128C542B6DD65000F07CD6 /* Preview Content */ = {
			isa = PBXGroup;
			children = (
				E7128C552B6DD65000F07CD6 /* Preview Assets.xcassets */,
			);
			path = "Preview Content";
			sourceTree = "<group>";
		};
		E7128C5E2B6DDA3300F07CD6 /* Views */ = {
			isa = PBXGroup;
			children = (
				E7128C662B6DDD7F00F07CD6 /* LocationsView.swift */,
				E7128C6E2B6E146800F07CD6 /* LocationsListView.swift */,
				E7128C702B6E209F00F07CD6 /* LocationPreviewView.swift */,
				E7128C722B6E75E400F07CD6 /* MapAnnotationView.swift */,
				E7128C742B6E866C00F07CD6 /* LocationDetailView.swift */,
			);
			path = Views;
			sourceTree = "<group>";
		};
		E7128C5F2B6DDA5800F07CD6 /* Models */ = {
			isa = PBXGroup;
			children = (
				E7128C612B6DDA8800F07CD6 /* Location.swift */,
			);
			path = Models;
			sourceTree = "<group>";
		};
		E7128C602B6DDA6100F07CD6 /* ViewModels */ = {
			isa = PBXGroup;
			children = (
				E7128C682B6DE07400F07CD6 /* LocationsViewModel.swift */,
			);
			path = ViewModels;
			sourceTree = "<group>";
		};
		E7128C632B6DDC7800F07CD6 /* DataServices */ = {
			isa = PBXGroup;
			children = (
				E7128C642B6DDC9400F07CD6 /* LocationsDataService.swift */,
			);
			path = DataServices;
			sourceTree = "<group>";
		};
/* End PBXGroup section */

/* Begin PBXNativeTarget section */
		E7128C4A2B6DD64E00F07CD6 /* PlaceMap */ = {
			isa = PBXNativeTarget;
			buildConfigurationList = E7128C592B6DD65000F07CD6 /* Build configuration list for PBXNativeTarget "PlaceMap" */;
			buildPhases = (
				E7128C472B6DD64E00F07CD6 /* Sources */,
				E7128C482B6DD64E00F07CD6 /* Frameworks */,
				E7128C492B6DD64E00F07CD6 /* Resources */,
			);
			buildRules = (
			);
			dependencies = (
			);
			name = PlaceMap;
			productName = PlaceMap;
			productReference = E7128C4B2B6DD64E00F07CD6 /* PlaceMap.app */;
			productType = "com.apple.product-type.application";
		};
/* End PBXNativeTarget section */

/* Begin PBXProject section */
		E7128C432B6DD64E00F07CD6 /* Project object */ = {
			isa = PBXProject;
			attributes = {
				BuildIndependentTargetsInParallel = 1;
				LastSwiftUpdateCheck = 1500;
				LastUpgradeCheck = 1500;
				TargetAttributes = {
					E7128C4A2B6DD64E00F07CD6 = {
						CreatedOnToolsVersion = 15.0.1;
					};
				};
			};
			buildConfigurationList = E7128C462B6DD64E00F07CD6 /* Build configuration list for PBXProject "PlaceMap" */;
			compatibilityVersion = "Xcode 14.0";
			developmentRegion = en;
			hasScannedForEncodings = 0;
			knownRegions = (
				en,
				Base,
			);
			mainGroup = E7128C422B6DD64E00F07CD6;
			productRefGroup = E7128C4C2B6DD64E00F07CD6 /* Products */;
			projectDirPath = "";
			projectRoot = "";
			targets = (
				E7128C4A2B6DD64E00F07CD6 /* PlaceMap */,
			);
		};
/* End PBXProject section */

/* Begin PBXResourcesBuildPhase section */
		E7128C492B6DD64E00F07CD6 /* Resources */ = {
			isa = PBXResourcesBuildPhase;
			buildActionMask = 2147483647;
			files = (
				E7128C5D2B6DD84C00F07CD6 /* Assets.xcassets in Resources */,
				E7128C562B6DD65000F07CD6 /* Preview Assets.xcassets in Resources */,
			);
			runOnlyForDeploymentPostprocessing = 0;
		};
/* End PBXResourcesBuildPhase section */

/* Begin PBXSourcesBuildPhase section */
		E7128C472B6DD64E00F07CD6 /* Sources */ = {
			isa = PBXSourcesBuildPhase;
			buildActionMask = 2147483647;
			files = (
				E7128C652B6DDC9400F07CD6 /* LocationsDataService.swift in Sources */,
				E7128C6F2B6E146800F07CD6 /* LocationsListView.swift in Sources */,
				E7128C712B6E209F00F07CD6 /* LocationPreviewView.swift in Sources */,
				E7128C692B6DE07400F07CD6 /* LocationsViewModel.swift in Sources */,
				E7128C512B6DD64E00F07CD6 /* ContentView.swift in Sources */,
				E7128C672B6DDD7F00F07CD6 /* LocationsView.swift in Sources */,
				E7128C732B6E75E400F07CD6 /* MapAnnotationView.swift in Sources */,
				E7128C622B6DDA8800F07CD6 /* Location.swift in Sources */,
				E7128C752B6E866C00F07CD6 /* LocationDetailView.swift in Sources */,
				E7128C4F2B6DD64E00F07CD6 /* PlaceMapApp.swift in Sources */,
			);
			runOnlyForDeploymentPostprocessing = 0;
		};
/* End PBXSourcesBuildPhase section */

/* Begin XCBuildConfiguration section */
		E7128C572B6DD65000F07CD6 /* Debug */ = {
			isa = XCBuildConfiguration;
			buildSettings = {
				ALWAYS_SEARCH_USER_PATHS = NO;
				ASSETCATALOG_COMPILER_GENERATE_SWIFT_ASSET_SYMBOL_EXTENSIONS = YES;
				CLANG_ANALYZER_NONNULL = YES;
				CLANG_ANALYZER_NUMBER_OBJECT_CONVERSION = YES_AGGRESSIVE;
				CLANG_CXX_LANGUAGE_STANDARD = "gnu++20";
				CLANG_ENABLE_MODULES = YES;
				CLANG_ENABLE_OBJC_ARC = YES;
				CLANG_ENABLE_OBJC_WEAK = YES;
				CLANG_WARN_BLOCK_CAPTURE_AUTORELEASING = YES;
				CLANG_WARN_BOOL_CONVERSION = YES;
				CLANG_WARN_COMMA = YES;
				CLANG_WARN_CONSTANT_CONVERSION = YES;
				CLANG_WARN_DEPRECATED_OBJC_IMPLEMENTATIONS = YES;
				CLANG_WARN_DIRECT_OBJC_ISA_USAGE = YES_ERROR;
				CLANG_WARN_DOCUMENTATION_COMMENTS = YES;
				CLANG_WARN_EMPTY_BODY = YES;
				CLANG_WARN_ENUM_CONVERSION = YES;
				CLANG_WARN_INFINITE_RECURSION = YES;
				CLANG_WARN_INT_CONVERSION = YES;
				CLANG_WARN_NON_LITERAL_NULL_CONVERSION = YES;
				CLANG_WARN_OBJC_IMPLICIT_RETAIN_SELF = YES;
				CLANG_WARN_OBJC_LITERAL_CONVERSION = YES;
				CLANG_WARN_OBJC_ROOT_CLASS = YES_ERROR;
				CLANG_WARN_QUOTED_INCLUDE_IN_FRAMEWORK_HEADER = YES;
				CLANG_WARN_RANGE_LOOP_ANALYSIS = YES;
				CLANG_WARN_STRICT_PROTOTYPES = YES;
				CLANG_WARN_SUSPICIOUS_MOVE = YES;
				CLANG_WARN_UNGUARDED_AVAILABILITY = YES_AGGRESSIVE;
				CLANG_WARN_UNREACHABLE_CODE = YES;
				CLANG_WARN__DUPLICATE_METHOD_MATCH = YES;
				COPY_PHASE_STRIP = NO;
				DEBUG_INFORMATION_FORMAT = dwarf;
				ENABLE_STRICT_OBJC_MSGSEND = YES;
				ENABLE_TESTABILITY = YES;
				ENABLE_USER_SCRIPT_SANDBOXING = YES;
				GCC_C_LANGUAGE_STANDARD = gnu17;
				GCC_DYNAMIC_NO_PIC = NO;
				GCC_NO_COMMON_BLOCKS = YES;
				GCC_OPTIMIZATION_LEVEL = 0;
				GCC_PREPROCESSOR_DEFINITIONS = (
					"DEBUG=1",
					"$(inherited)",
				);
				GCC_WARN_64_TO_32_BIT_CONVERSION = YES;
				GCC_WARN_ABOUT_RETURN_TYPE = YES_ERROR;
				GCC_WARN_UNDECLARED_SELECTOR = YES;
				GCC_WARN_UNINITIALIZED_AUTOS = YES_AGGRESSIVE;
				GCC_WARN_UNUSED_FUNCTION = YES;
				GCC_WARN_UNUSED_VARIABLE = YES;
				IPHONEOS_DEPLOYMENT_TARGET = 17.0;
				LOCALIZATION_PREFERS_STRING_CATALOGS = YES;
				MTL_ENABLE_DEBUG_INFO = INCLUDE_SOURCE;
				MTL_FAST_MATH = YES;
				ONLY_ACTIVE_ARCH = YES;
				SDKROOT = iphoneos;
				SWIFT_ACTIVE_COMPILATION_CONDITIONS = "DEBUG $(inherited)";
				SWIFT_OPTIMIZATION_LEVEL = "-Onone";
			};
			name = Debug;
		};
		E7128C582B6DD65000F07CD6 /* Release */ = {
			isa = XCBuildConfiguration;
			buildSettings = {
				ALWAYS_SEARCH_USER_PATHS = NO;
				ASSETCATALOG_COMPILER_GENERATE_SWIFT_ASSET_SYMBOL_EXTENSIONS = YES;
				CLANG_ANALYZER_NONNULL = YES;
				CLANG_ANALYZER_NUMBER_OBJECT_CONVERSION = YES_AGGRESSIVE;
				CLANG_CXX_LANGUAGE_STANDARD = "gnu++20";
				CLANG_ENABLE_MODULES = YES;
				CLANG_ENABLE_OBJC_ARC = YES;
				CLANG_ENABLE_OBJC_WEAK = YES;
				CLANG_WARN_BLOCK_CAPTURE_AUTORELEASING = YES;
				CLANG_WARN_BOOL_CONVERSION = YES;
				CLANG_WARN_COMMA = YES;
				CLANG_WARN_CONSTANT_CONVERSION = YES;
				CLANG_WARN_DEPRECATED_OBJC_IMPLEMENTATIONS = YES;
				CLANG_WARN_DIRECT_OBJC_ISA_USAGE = YES_ERROR;
				CLANG_WARN_DOCUMENTATION_COMMENTS = YES;
				CLANG_WARN_EMPTY_BODY = YES;
				CLANG_WARN_ENUM_CONVERSION = YES;
				CLANG_WARN_INFINITE_RECURSION = YES;
				CLANG_WARN_INT_CONVERSION = YES;
				CLANG_WARN_NON_LITERAL_NULL_CONVERSION = YES;
				CLANG_WARN_OBJC_IMPLICIT_RETAIN_SELF = YES;
				CLANG_WARN_OBJC_LITERAL_CONVERSION = YES;
				CLANG_WARN_OBJC_ROOT_CLASS = YES_ERROR;
				CLANG_WARN_QUOTED_INCLUDE_IN_FRAMEWORK_HEADER = YES;
				CLANG_WARN_RANGE_LOOP_ANALYSIS = YES;
				CLANG_WARN_STRICT_PROTOTYPES = YES;
				CLANG_WARN_SUSPICIOUS_MOVE = YES;
				CLANG_WARN_UNGUARDED_AVAILABILITY = YES_AGGRESSIVE;
				CLANG_WARN_UNREACHABLE_CODE = YES;
				CLANG_WARN__DUPLICATE_METHOD_MATCH = YES;
				COPY_PHASE_STRIP = NO;
				DEBUG_INFORMATION_FORMAT = "dwarf-with-dsym";
				ENABLE_NS_ASSERTIONS = NO;
				ENABLE_STRICT_OBJC_MSGSEND = YES;
				ENABLE_USER_SCRIPT_SANDBOXING = YES;
				GCC_C_LANGUAGE_STANDARD = gnu17;
				GCC_NO_COMMON_BLOCKS = YES;
				GCC_WARN_64_TO_32_BIT_CONVERSION = YES;
				GCC_WARN_ABOUT_RETURN_TYPE = YES_ERROR;
				GCC_WARN_UNDECLARED_SELECTOR = YES;
				GCC_WARN_UNINITIALIZED_AUTOS = YES_AGGRESSIVE;
				GCC_WARN_UNUSED_FUNCTION = YES;
				GCC_WARN_UNUSED_VARIABLE = YES;
				IPHONEOS_DEPLOYMENT_TARGET = 17.0;
				LOCALIZATION_PREFERS_STRING_CATALOGS = YES;
				MTL_ENABLE_DEBUG_INFO = NO;
				MTL_FAST_MATH = YES;
				SDKROOT = iphoneos;
				SWIFT_COMPILATION_MODE = wholemodule;
				VALIDATE_PRODUCT = YES;
			};
			name = Release;
		};
		E7128C5A2B6DD65000F07CD6 /* Debug */ = {
			isa = XCBuildConfiguration;
			buildSettings = {
				ASSETCATALOG_COMPILER_APPICON_NAME = AppIcon;
				ASSETCATALOG_COMPILER_GLOBAL_ACCENT_COLOR_NAME = AccentColor;
				CODE_SIGN_STYLE = Automatic;
				CURRENT_PROJECT_VERSION = 1;
				DEVELOPMENT_ASSET_PATHS = "\"PlaceMap/Preview Content\"";
				DEVELOPMENT_TEAM = H65DNS6643;
				ENABLE_PREVIEWS = YES;
				GENERATE_INFOPLIST_FILE = YES;
				INFOPLIST_FILE = PlaceMap/Info.plist;
				INFOPLIST_KEY_UIApplicationSceneManifest_Generation = YES;
				INFOPLIST_KEY_UIApplicationSupportsIndirectInputEvents = YES;
				INFOPLIST_KEY_UISupportedInterfaceOrientations = UIInterfaceOrientationPortrait;
				INFOPLIST_KEY_UISupportedInterfaceOrientations_iPad = "UIInterfaceOrientationLandscapeLeft UIInterfaceOrientationLandscapeRight UIInterfaceOrientationPortrait UIInterfaceOrientationPortraitUpsideDown";
				LD_RUNPATH_SEARCH_PATHS = (
					"$(inherited)",
					"@executable_path/Frameworks",
				);
				MARKETING_VERSION = 1.0;
				PRODUCT_BUNDLE_IDENTIFIER = com.rajan.PlaceMap;
				PRODUCT_NAME = "$(TARGET_NAME)";
				SWIFT_EMIT_LOC_STRINGS = YES;
				SWIFT_VERSION = 5.0;
				TARGETED_DEVICE_FAMILY = "1,2";
			};
			name = Debug;
		};
		E7128C5B2B6DD65000F07CD6 /* Release */ = {
			isa = XCBuildConfiguration;
			buildSettings = {
				ASSETCATALOG_COMPILER_APPICON_NAME = AppIcon;
				ASSETCATALOG_COMPILER_GLOBAL_ACCENT_COLOR_NAME = AccentColor;
				CODE_SIGN_STYLE = Automatic;
				CURRENT_PROJECT_VERSION = 1;
				DEVELOPMENT_ASSET_PATHS = "\"PlaceMap/Preview Content\"";
				DEVELOPMENT_TEAM = H65DNS6643;
				ENABLE_PREVIEWS = YES;
				GENERATE_INFOPLIST_FILE = YES;
				INFOPLIST_FILE = PlaceMap/Info.plist;
				INFOPLIST_KEY_UIApplicationSceneManifest_Generation = YES;
				INFOPLIST_KEY_UIApplicationSupportsIndirectInputEvents = YES;
				INFOPLIST_KEY_UISupportedInterfaceOrientations = UIInterfaceOrientationPortrait;
				INFOPLIST_KEY_UISupportedInterfaceOrientations_iPad = "UIInterfaceOrientationLandscapeLeft UIInterfaceOrientationLandscapeRight UIInterfaceOrientationPortrait UIInterfaceOrientationPortraitUpsideDown";
				LD_RUNPATH_SEARCH_PATHS = (
					"$(inherited)",
					"@executable_path/Frameworks",
				);
				MARKETING_VERSION = 1.0;
				PRODUCT_BUNDLE_IDENTIFIER = com.rajan.PlaceMap;
				PRODUCT_NAME = "$(TARGET_NAME)";
				SWIFT_EMIT_LOC_STRINGS = YES;
				SWIFT_VERSION = 5.0;
				TARGETED_DEVICE_FAMILY = "1,2";
			};
			name = Release;
		};
/* End XCBuildConfiguration section */

/* Begin XCConfigurationList section */
		E7128C462B6DD64E00F07CD6 /* Build configuration list for PBXProject "PlaceMap" */ = {
			isa = XCConfigurationList;
			buildConfigurations = (
				E7128C572B6DD65000F07CD6 /* Debug */,
				E7128C582B6DD65000F07CD6 /* Release */,
			);
			defaultConfigurationIsVisible = 0;
			defaultConfigurationName = Release;
		};
		E7128C592B6DD65000F07CD6 /* Build configuration list for PBXNativeTarget "PlaceMap" */ = {
			isa = XCConfigurationList;
			buildConfigurations = (
				E7128C5A2B6DD65000F07CD6 /* Debug */,
				E7128C5B2B6DD65000F07CD6 /* Release */,
			);
			defaultConfigurationIsVisible = 0;
			defaultConfigurationName = Release;
		};
/* End XCConfigurationList section */
	};
	rootObject = E7128C432B6DD64E00F07CD6 /* Project object */;
}
